
Microsoft Visual Studio Solution File, Format Version 12.00
# Visual Studio 15
VisualStudioVersion = 15.0.27428.2043
MinimumVisualStudioVersion = 10.0.40219.1
Project("{FAE04EC0-301F-11D3-BF4B-00C04F79EFBC}") = "LibraryFullstackSystem1", "LibraryFullstackSystem1\LibraryFullstackSystem1.csproj", "{A595138D-B909-4B28-BDEA-6254CD3065B8}"
EndProject
Project("{FAE04EC0-301F-11D3-BF4B-00C04F79EFBC}") = "LibraryFullstackSystem1.Data", "LibraryFullstackSystem1.Data\LibraryFullstackSystem1.Data.csproj", "{DD64C3E1-6414-46E5-A237-F24691065850}"
EndProject
Global
	GlobalSection(SolutionConfigurationPlatforms) = preSolution
		Debug|Any CPU = Debug|Any CPU
		Release|Any CPU = Release|Any CPU
	EndGlobalSection
	GlobalSection(ProjectConfigurationPlatforms) = postSolution
		{A595138D-B909-4B28-BDEA-6254CD3065B8}.Debug|Any CPU.ActiveCfg = Debug|Any CPU
		{A595138D-B909-4B28-BDEA-6254CD3065B8}.Debug|Any CPU.Build.0 = Debug|Any CPU
		{A595138D-B909-4B28-BDEA-6254CD3065B8}.Release|Any CPU.ActiveCfg = Release|Any CPU
		{A595138D-B909-4B28-BDEA-6254CD3065B8}.Release|Any CPU.Build.0 = Release|Any CPU
		{DD64C3E1-6414-46E5-A237-F24691065850}.Debug|Any CPU.ActiveCfg = Debug|Any CPU
		{DD64C3E1-6414-46E5-A237-F24691065850}.Debug|Any CPU.Build.0 = Debug|Any CPU
		{DD64C3E1-6414-46E5-A237-F24691065850}.Release|Any CPU.ActiveCfg = Release|Any CPU
		{DD64C3E1-6414-46E5-A237-F24691065850}.Release|Any CPU.Build.0 = Release|Any CPU
	EndGlobalSection
	GlobalSection(SolutionProperties) = preSolution
		HideSolutionNode = FALSE
	EndGlobalSection
	GlobalSection(ExtensibilityGlobals) = postSolution
		SolutionGuid = {CB6E57A2-EDF3-4696-BDC1-43A01D1BD066}
	EndGlobalSection
EndGlobal
